
Microsoft Visual Studio Solution File, Format Version 12.00
# Visual Studio 15
VisualStudioVersion = 15.0.26124.0
MinimumVisualStudioVersion = 15.0.26124.0
Project("{FAE04EC0-301F-11D3-BF4B-00C04F79EFBC}") = "API", "API\API.csproj", "{40058894-6B7B-445B-A7D8-F8CCFBA40E5E}"
EndProject
Project("{FAE04EC0-301F-11D3-BF4B-00C04F79EFBC}") = "Application", "Application\Application.csproj", "{D9D90496-5AD1-40C8-A3DF-A40B8692392F}"
EndProject
Project("{FAE04EC0-301F-11D3-BF4B-00C04F79EFBC}") = "Domain", "Domain\Domain.csproj", "{108A3180-EB6D-4B79-8705-459CE7A168FF}"
EndProject
Project("{FAE04EC0-301F-11D3-BF4B-00C04F79EFBC}") = "Persistence", "Persistence\Persistence.csproj", "{F98F33D6-4C17-4A36-8705-A5D42A111B9B}"
EndProject
Global
	GlobalSection(SolutionConfigurationPlatforms) = preSolution
		Debug|Any CPU = Debug|Any CPU
		Debug|x64 = Debug|x64
		Debug|x86 = Debug|x86
		Release|Any CPU = Release|Any CPU
		Release|x64 = Release|x64
		Release|x86 = Release|x86
	EndGlobalSection
	GlobalSection(SolutionProperties) = preSolution
		HideSolutionNode = FALSE
	EndGlobalSection
	GlobalSection(ProjectConfigurationPlatforms) = postSolution
		{40058894-6B7B-445B-A7D8-F8CCFBA40E5E}.Debug|Any CPU.ActiveCfg = Debug|Any CPU
		{40058894-6B7B-445B-A7D8-F8CCFBA40E5E}.Debug|Any CPU.Build.0 = Debug|Any CPU
		{40058894-6B7B-445B-A7D8-F8CCFBA40E5E}.Debug|x64.ActiveCfg = Debug|Any CPU
		{40058894-6B7B-445B-A7D8-F8CCFBA40E5E}.Debug|x64.Build.0 = Debug|Any CPU
		{40058894-6B7B-445B-A7D8-F8CCFBA40E5E}.Debug|x86.ActiveCfg = Debug|Any CPU
		{40058894-6B7B-445B-A7D8-F8CCFBA40E5E}.Debug|x86.Build.0 = Debug|Any CPU
		{40058894-6B7B-445B-A7D8-F8CCFBA40E5E}.Release|Any CPU.ActiveCfg = Release|Any CPU
		{40058894-6B7B-445B-A7D8-F8CCFBA40E5E}.Release|Any CPU.Build.0 = Release|Any CPU
		{40058894-6B7B-445B-A7D8-F8CCFBA40E5E}.Release|x64.ActiveCfg = Release|Any CPU
		{40058894-6B7B-445B-A7D8-F8CCFBA40E5E}.Release|x64.Build.0 = Release|Any CPU
		{40058894-6B7B-445B-A7D8-F8CCFBA40E5E}.Release|x86.ActiveCfg = Release|Any CPU
		{40058894-6B7B-445B-A7D8-F8CCFBA40E5E}.Release|x86.Build.0 = Release|Any CPU
		{D9D90496-5AD1-40C8-A3DF-A40B8692392F}.Debug|Any CPU.ActiveCfg = Debug|Any CPU
		{D9D90496-5AD1-40C8-A3DF-A40B8692392F}.Debug|Any CPU.Build.0 = Debug|Any CPU
		{D9D90496-5AD1-40C8-A3DF-A40B8692392F}.Debug|x64.ActiveCfg = Debug|Any CPU
		{D9D90496-5AD1-40C8-A3DF-A40B8692392F}.Debug|x64.Build.0 = Debug|Any CPU
		{D9D90496-5AD1-40C8-A3DF-A40B8692392F}.Debug|x86.ActiveCfg = Debug|Any CPU
		{D9D90496-5AD1-40C8-A3DF-A40B8692392F}.Debug|x86.Build.0 = Debug|Any CPU
		{D9D90496-5AD1-40C8-A3DF-A40B8692392F}.Release|Any CPU.ActiveCfg = Release|Any CPU
		{D9D90496-5AD1-40C8-A3DF-A40B8692392F}.Release|Any CPU.Build.0 = Release|Any CPU
		{D9D90496-5AD1-40C8-A3DF-A40B8692392F}.Release|x64.ActiveCfg = Release|Any CPU
		{D9D90496-5AD1-40C8-A3DF-A40B8692392F}.Release|x64.Build.0 = Release|Any CPU
		{D9D90496-5AD1-40C8-A3DF-A40B8692392F}.Release|x86.ActiveCfg = Release|Any CPU
		{D9D90496-5AD1-40C8-A3DF-A40B8692392F}.Release|x86.Build.0 = Release|Any CPU
		{108A3180-EB6D-4B79-8705-459CE7A168FF}.Debug|Any CPU.ActiveCfg = Debug|Any CPU
		{108A3180-EB6D-4B79-8705-459CE7A168FF}.Debug|Any CPU.Build.0 = Debug|Any CPU
		{108A3180-EB6D-4B79-8705-459CE7A168FF}.Debug|x64.ActiveCfg = Debug|Any CPU
		{108A3180-EB6D-4B79-8705-459CE7A168FF}.Debug|x64.Build.0 = Debug|Any CPU
		{108A3180-EB6D-4B79-8705-459CE7A168FF}.Debug|x86.ActiveCfg = Debug|Any CPU
		{108A3180-EB6D-4B79-8705-459CE7A168FF}.Debug|x86.Build.0 = Debug|Any CPU
		{108A3180-EB6D-4B79-8705-459CE7A168FF}.Release|Any CPU.ActiveCfg = Release|Any CPU
		{108A3180-EB6D-4B79-8705-459CE7A168FF}.Release|Any CPU.Build.0 = Release|Any CPU
		{108A3180-EB6D-4B79-8705-459CE7A168FF}.Release|x64.ActiveCfg = Release|Any CPU
		{108A3180-EB6D-4B79-8705-459CE7A168FF}.Release|x64.Build.0 = Release|Any CPU
		{108A3180-EB6D-4B79-8705-459CE7A168FF}.Release|x86.ActiveCfg = Release|Any CPU
		{108A3180-EB6D-4B79-8705-459CE7A168FF}.Release|x86.Build.0 = Release|Any CPU
		{F98F33D6-4C17-4A36-8705-A5D42A111B9B}.Debug|Any CPU.ActiveCfg = Debug|Any CPU
		{F98F33D6-4C17-4A36-8705-A5D42A111B9B}.Debug|Any CPU.Build.0 = Debug|Any CPU
		{F98F33D6-4C17-4A36-8705-A5D42A111B9B}.Debug|x64.ActiveCfg = Debug|Any CPU
		{F98F33D6-4C17-4A36-8705-A5D42A111B9B}.Debug|x64.Build.0 = Debug|Any CPU
		{F98F33D6-4C17-4A36-8705-A5D42A111B9B}.Debug|x86.ActiveCfg = Debug|Any CPU
		{F98F33D6-4C17-4A36-8705-A5D42A111B9B}.Debug|x86.Build.0 = Debug|Any CPU
		{F98F33D6-4C17-4A36-8705-A5D42A111B9B}.Release|Any CPU.ActiveCfg = Release|Any CPU
		{F98F33D6-4C17-4A36-8705-A5D42A111B9B}.Release|Any CPU.Build.0 = Release|Any CPU
		{F98F33D6-4C17-4A36-8705-A5D42A111B9B}.Release|x64.ActiveCfg = Release|Any CPU
		{F98F33D6-4C17-4A36-8705-A5D42A111B9B}.Release|x64.Build.0 = Release|Any CPU
		{F98F33D6-4C17-4A36-8705-A5D42A111B9B}.Release|x86.ActiveCfg = Release|Any CPU
		{F98F33D6-4C17-4A36-8705-A5D42A111B9B}.Release|x86.Build.0 = Release|Any CPU
	EndGlobalSection
EndGlobal
